
Microsoft Visual Studio Solution File, Format Version 12.00
# Visual Studio Version 16
VisualStudioVersion = 16.0.29230.47
MinimumVisualStudioVersion = 10.0.40219.1
Project("{FAE04EC0-301F-11D3-BF4B-00C04F79EFBC}") = "awdc", "awdc\awdc.csproj", "{A0E96705-24E0-4C4F-803E-79925C8B633B}"
EndProject
Global
	GlobalSection(SolutionConfigurationPlatforms) = preSolution
		Debug|Any CPU = Debug|Any CPU
		Release|Any CPU = Release|Any CPU
	EndGlobalSection
	GlobalSection(ProjectConfigurationPlatforms) = postSolution
		{A0E96705-24E0-4C4F-803E-79925C8B633B}.Debug|Any CPU.ActiveCfg = Debug|Any CPU
		{A0E96705-24E0-4C4F-803E-79925C8B633B}.Debug|Any CPU.Build.0 = Debug|Any CPU
		{A0E96705-24E0-4C4F-803E-79925C8B633B}.Release|Any CPU.ActiveCfg = Release|Any CPU
		{A0E96705-24E0-4C4F-803E-79925C8B633B}.Release|Any CPU.Build.0 = Release|Any CPU
	EndGlobalSection
	GlobalSection(SolutionProperties) = preSolution
		HideSolutionNode = FALSE
	EndGlobalSection
	GlobalSection(ExtensibilityGlobals) = postSolution
		SolutionGuid = {921E2ED0-A059-460A-8C05-E31AE98C428D}
	EndGlobalSection
EndGlobal
